// !$*UTF8*$!
{
	archiveVersion = 1;
	classes = {
	};
	objectVersion = 48;
	objects = {

/* Begin PBXBuildFile section */
		49B899FD2074D934006F3A1A /* AppDelegate.m in Sources */ = {isa = PBXBuildFile; fileRef = 49B899FC2074D934006F3A1A /* AppDelegate.m */; };
		49B89A002074D934006F3A1A /* ViewController.m in Sources */ = {isa = PBXBuildFile; fileRef = 49B899FF2074D934006F3A1A /* ViewController.m */; };
		49B89A032074D934006F3A1A /* Main.storyboard in Resources */ = {isa = PBXBuildFile; fileRef = 49B89A012074D934006F3A1A /* Main.storyboard */; };
		49B89A052074D934006F3A1A /* Assets.xcassets in Resources */ = {isa = PBXBuildFile; fileRef = 49B89A042074D934006F3A1A /* Assets.xcassets */; };
		49B89A082074D934006F3A1A /* LaunchScreen.storyboard in Resources */ = {isa = PBXBuildFile; fileRef = 49B89A062074D934006F3A1A /* LaunchScreen.storyboard */; };
		49B89A0B2074D934006F3A1A /* main.m in Sources */ = {isa = PBXBuildFile; fileRef = 49B89A0A2074D934006F3A1A /* main.m */; };
/* End PBXBuildFile section */

/* Begin PBXFileReference section */
		49B899F82074D934006F3A1A /* ControlFactory.app */ = {isa = PBXFileReference; explicitFileType = wrapper.application; includeInIndex = 0; path = ControlFactory.app; sourceTree = BUILT_PRODUCTS_DIR; };
		49B899FB2074D934006F3A1A /* AppDelegate.h */ = {isa = PBXFileReference; lastKnownFileType = sourcecode.c.h; path = AppDelegate.h; sourceTree = "<group>"; };
		49B899FC2074D934006F3A1A /* AppDelegate.m */ = {isa = PBXFileReference; lastKnownFileType = sourcecode.c.objc; path = AppDelegate.m; sourceTree = "<group>"; };
		49B899FE2074D934006F3A1A /* ViewController.h */ = {isa = PBXFileReference; lastKnownFileType = sourcecode.c.h; path = ViewController.h; sourceTree = "<group>"; };
		49B899FF2074D934006F3A1A /* ViewController.m */ = {isa = PBXFileReference; lastKnownFileType = sourcecode.c.objc; path = ViewController.m; sourceTree = "<group>"; };
		49B89A022074D934006F3A1A /* Base */ = {isa = PBXFileReference; lastKnownFileType = file.storyboard; name = Base; path = Base.lproj/Main.storyboard; sourceTree = "<group>"; };
		49B89A042074D934006F3A1A /* Assets.xcassets */ = {isa = PBXFileReference; lastKnownFileType = folder.assetcatalog; path = Assets.xcassets; sourceTree = "<group>"; };
		49B89A072074D934006F3A1A /* Base */ = {isa = PBXFileReference; lastKnownFileType = file.storyboard; name = Base; path = Base.lproj/LaunchScreen.storyboard; sourceTree = "<group>"; };
		49B89A092074D934006F3A1A /* Info.plist */ = {isa = PBXFileReference; lastKnownFileType = text.plist.xml; path = Info.plist; sourceTree = "<group>"; };
		49B89A0A2074D934006F3A1A /* main.m */ = {isa = PBXFileReference; lastKnownFileType = sourcecode.c.objc; path = main.m; sourceTree = "<group>"; };
/* End PBXFileReference section */

/* Begin PBXFrameworksBuildPhase section */
		49B899F52074D934006F3A1A /* Frameworks */ = {
			isa = PBXFrameworksBuildPhase;
			buildActionMask = 2147483647;
			files = (
			);
			runOnlyForDeploymentPostprocessing = 0;
		};
/* End PBXFrameworksBuildPhase section */

/* Begin PBXGroup section */
		49B899EF2074D933006F3A1A = {
			isa = PBXGroup;
			children = (
				49B899FA2074D934006F3A1A /* ControlFactory */,
				49B899F92074D934006F3A1A /* Products */,
			);
			sourceTree = "<group>";
		};
		49B899F92074D934006F3A1A /* Products */ = {
			isa = PBXGroup;
			children = (
				49B899F82074D934006F3A1A /* ControlFactory.app */,
			);
			name = Products;
			sourceTree = "<group>";
		};
		49B899FA2074D934006F3A1A /* ControlFactory */ = {
			isa = PBXGroup;
			children = (
				49B899FB2074D934006F3A1A /* AppDelegate.h */,
				49B899FC2074D934006F3A1A /* AppDelegate.m */,
				49B899FE2074D934006F3A1A /* ViewController.h */,
				49B899FF2074D934006F3A1A /* ViewController.m */,
				49B89A012074D934006F3A1A /* Main.storyboard */,
				49B89A042074D934006F3A1A /* Assets.xcassets */,
				49B89A062074D934006F3A1A /* LaunchScreen.storyboard */,
				49B89A092074D934006F3A1A /* Info.plist */,
				49B89A0A2074D934006F3A1A /* main.m */,
			);
			path = ControlFactory;
			sourceTree = "<group>";
		};
/* End PBXGroup section */

/* Begin PBXNativeTarget section */
		49B899F72074D934006F3A1A /* ControlFactory */ = {
			isa = PBXNativeTarget;
			buildConfigurationList = 49B89A0E2074D934006F3A1A /* Build configuration list for PBXNativeTarget "ControlFactory" */;
			buildPhases = (
				49B899F42074D934006F3A1A /* Sources */,
				49B899F52074D934006F3A1A /* Frameworks */,
				49B899F62074D934006F3A1A /* Resources */,
			);
			buildRules = (
			);
			dependencies = (
			);
			name = ControlFactory;
			productName = ControlFactory;
			productReference = 49B899F82074D934006F3A1A /* ControlFactory.app */;
			productType = "com.apple.product-type.application";
		};
/* End PBXNativeTarget section */

/* Begin PBXProject section */
		49B899F02074D933006F3A1A /* Project object */ = {
			isa = PBXProject;
			attributes = {
				LastUpgradeCheck = 0920;
				ORGANIZATIONNAME = apple;
				TargetAttributes = {
					49B899F72074D934006F3A1A = {
						CreatedOnToolsVersion = 9.2;
						ProvisioningStyle = Automatic;
					};
				};
			};
			buildConfigurationList = 49B899F32074D933006F3A1A /* Build configuration list for PBXProject "ControlFactory" */;
			compatibilityVersion = "Xcode 8.0";
			developmentRegion = en;
			hasScannedForEncodings = 0;
			knownRegions = (
				en,
				Base,
			);
			mainGroup = 49B899EF2074D933006F3A1A;
			productRefGroup = 49B899F92074D934006F3A1A /* Products */;
			projectDirPath = "";
			projectRoot = "";
			targets = (
				49B899F72074D934006F3A1A /* ControlFactory */,
			);
		};
/* End PBXProject section */

/* Begin PBXResourcesBuildPhase section */
		49B899F62074D934006F3A1A /* Resources */ = {
			isa = PBXResourcesBuildPhase;
			buildActionMask = 2147483647;
			files = (
				49B89A082074D934006F3A1A /* LaunchScreen.storyboard in Resources */,
				49B89A052074D934006F3A1A /* Assets.xcassets in Resources */,
				49B89A032074D934006F3A1A /* Main.storyboard in Resources */,
			);
			runOnlyForDeploymentPostprocessing = 0;
		};
/* End PBXResourcesBuildPhase section */

/* Begin PBXSourcesBuildPhase section */
		49B899F42074D934006F3A1A /* Sources */ = {
			isa = PBXSourcesBuildPhase;
			buildActionMask = 2147483647;
			files = (
				49B89A002074D934006F3A1A /* ViewController.m in Sources */,
				49B89A0B2074D934006F3A1A /* main.m in Sources */,
				49B899FD2074D934006F3A1A /* AppDelegate.m in Sources */,
			);
			runOnlyForDeploymentPostprocessing = 0;
		};
/* End PBXSourcesBuildPhase section */

/* Begin PBXVariantGroup section */
		49B89A012074D934006F3A1A /* Main.storyboard */ = {
			isa = PBXVariantGroup;
			children = (
				49B89A022074D934006F3A1A /* Base */,
			);
			name = Main.storyboard;
			sourceTree = "<group>";
		};
		49B89A062074D934006F3A1A /* LaunchScreen.storyboard */ = {
			isa = PBXVariantGroup;
			children = (
				49B89A072074D934006F3A1A /* Base */,
			);
			name = LaunchScreen.storyboard;
			sourceTree = "<group>";
		};
/* End PBXVariantGroup section */

/* Begin XCBuildConfiguration section */
		49B89A0C2074D934006F3A1A /* Debug */ = {
			isa = XCBuildConfiguration;
			buildSettings = {
				ALWAYS_SEARCH_USER_PATHS = NO;
				CLANG_ANALYZER_NONNULL = YES;
				CLANG_ANALYZER_NUMBER_OBJECT_CONVERSION = YES_AGGRESSIVE;
				CLANG_CXX_LANGUAGE_STANDARD = "gnu++14";
				CLANG_CXX_LIBRARY = "libc++";
				CLANG_ENABLE_MODULES = YES;
				CLANG_ENABLE_OBJC_ARC = YES;
				CLANG_WARN_BLOCK_CAPTURE_AUTORELEASING = YES;
				CLANG_WARN_BOOL_CONVERSION = YES;
				CLANG_WARN_COMMA = YES;
				CLANG_WARN_CONSTANT_CONVERSION = YES;
				CLANG_WARN_DIRECT_OBJC_ISA_USAGE = YES_ERROR;
				CLANG_WARN_DOCUMENTATION_COMMENTS = YES;
				CLANG_WARN_EMPTY_BODY = YES;
				CLANG_WARN_ENUM_CONVERSION = YES;
				CLANG_WARN_INFINITE_RECURSION = YES;
				CLANG_WARN_INT_CONVERSION = YES;
				CLANG_WARN_NON_LITERAL_NULL_CONVERSION = YES;
				CLANG_WARN_OBJC_LITERAL_CONVERSION = YES;
				CLANG_WARN_OBJC_ROOT_CLASS = YES_ERROR;
				CLANG_WARN_RANGE_LOOP_ANALYSIS = YES;
				CLANG_WARN_STRICT_PROTOTYPES = YES;
				CLANG_WARN_SUSPICIOUS_MOVE = YES;
				CLANG_WARN_UNGUARDED_AVAILABILITY = YES_AGGRESSIVE;
				CLANG_WARN_UNREACHABLE_CODE = YES;
				CLANG_WARN__DUPLICATE_METHOD_MATCH = YES;
				CODE_SIGN_IDENTITY = "iPhone Developer";
				COPY_PHASE_STRIP = NO;
				DEBUG_INFORMATION_FORMAT = dwarf;
				ENABLE_STRICT_OBJC_MSGSEND = YES;
				ENABLE_TESTABILITY = YES;
				GCC_C_LANGUAGE_STANDARD = gnu11;
				GCC_DYNAMIC_NO_PIC = NO;
				GCC_NO_COMMON_BLOCKS = YES;
				GCC_OPTIMIZATION_LEVEL = 0;
				GCC_PREPROCESSOR_DEFINITIONS = (
					"DEBUG=1",
					"$(inherited)",
				);
				GCC_WARN_64_TO_32_BIT_CONVERSION = YES;
				GCC_WARN_ABOUT_RETURN_TYPE = YES_ERROR;
				GCC_WARN_UNDECLARED_SELECTOR = YES;
				GCC_WARN_UNINITIALIZED_AUTOS = YES_AGGRESSIVE;
				GCC_WARN_UNUSED_FUNCTION = YES;
				GCC_WARN_UNUSED_VARIABLE = YES;
				IPHONEOS_DEPLOYMENT_TARGET = 11.2;
				MTL_ENABLE_DEBUG_INFO = YES;
				ONLY_ACTIVE_ARCH = YES;
				SDKROOT = iphoneos;
			};
			name = Debug;
		};
		49B89A0D2074D934006F3A1A /* Release */ = {
			isa = XCBuildConfiguration;
			buildSettings = {
				ALWAYS_SEARCH_USER_PATHS = NO;
				CLANG_ANALYZER_NONNULL = YES;
				CLANG_ANALYZER_NUMBER_OBJECT_CONVERSION = YES_AGGRESSIVE;
				CLANG_CXX_LANGUAGE_STANDARD = "gnu++14";
				CLANG_CXX_LIBRARY = "libc++";
				CLANG_ENABLE_MODULES = YES;
				CLANG_ENABLE_OBJC_ARC = YES;
				CLANG_WARN_BLOCK_CAPTURE_AUTORELEASING = YES;
				CLANG_WARN_BOOL_CONVERSION = YES;
				CLANG_WARN_COMMA = YES;
				CLANG_WARN_CONSTANT_CONVERSION = YES;
				CLANG_WARN_DIRECT_OBJC_ISA_USAGE = YES_ERROR;
				CLANG_WARN_DOCUMENTATION_COMMENTS = YES;
				CLANG_WARN_EMPTY_BODY = YES;
				CLANG_WARN_ENUM_CONVERSION = YES;
				CLANG_WARN_INFINITE_RECURSION = YES;
				CLANG_WARN_INT_CONVERSION = YES;
				CLANG_WARN_NON_LITERAL_NULL_CONVERSION = YES;
				CLANG_WARN_OBJC_LITERAL_CONVERSION = YES;
				CLANG_WARN_OBJC_ROOT_CLASS = YES_ERROR;
				CLANG_WARN_RANGE_LOOP_ANALYSIS = YES;
				CLANG_WARN_STRICT_PROTOTYPES = YES;
				CLANG_WARN_SUSPICIOUS_MOVE = YES;
				CLANG_WARN_UNGUARDED_AVAILABILITY = YES_AGGRESSIVE;
				CLANG_WARN_UNREACHABLE_CODE = YES;
				CLANG_WARN__DUPLICATE_METHOD_MATCH = YES;
				CODE_SIGN_IDENTITY = "iPhone Developer";
				COPY_PHASE_STRIP = NO;
				DEBUG_INFORMATION_FORMAT = "dwarf-with-dsym";
				ENABLE_NS_ASSERTIONS = NO;
				ENABLE_STRICT_OBJC_MSGSEND = YES;
				GCC_C_LANGUAGE_STANDARD = gnu11;
				GCC_NO_COMMON_BLOCKS = YES;
				GCC_WARN_64_TO_32_BIT_CONVERSION = YES;
				GCC_WARN_ABOUT_RETURN_TYPE = YES_ERROR;
				GCC_WARN_UNDECLARED_SELECTOR = YES;
				GCC_WARN_UNINITIALIZED_AUTOS = YES_AGGRESSIVE;
				GCC_WARN_UNUSED_FUNCTION = YES;
				GCC_WARN_UNUSED_VARIABLE = YES;
				IPHONEOS_DEPLOYMENT_TARGET = 11.2;
				MTL_ENABLE_DEBUG_INFO = NO;
				SDKROOT = iphoneos;
				VALIDATE_PRODUCT = YES;
			};
			name = Release;
		};
		49B89A0F2074D934006F3A1A /* Debug */ = {
			isa = XCBuildConfiguration;
			buildSettings = {
				ASSETCATALOG_COMPILER_APPICON_NAME = AppIcon;
				CODE_SIGN_STYLE = Automatic;
				INFOPLIST_FILE = ControlFactory/Info.plist;
				LD_RUNPATH_SEARCH_PATHS = "$(inherited) @executable_path/Frameworks";
				PRODUCT_BUNDLE_IDENTIFIER = cn.itzt.ControlFactory;
				PRODUCT_NAME = "$(TARGET_NAME)";
				TARGETED_DEVICE_FAMILY = "1,2";
			};
			name = Debug;
		};
		49B89A102074D934006F3A1A /* Release */ = {
			isa = XCBuildConfiguration;
			buildSettings = {
				ASSETCATALOG_COMPILER_APPICON_NAME = AppIcon;
				CODE_SIGN_STYLE = Automatic;
				INFOPLIST_FILE = ControlFactory/Info.plist;
				LD_RUNPATH_SEARCH_PATHS = "$(inherited) @executable_path/Frameworks";
				PRODUCT_BUNDLE_IDENTIFIER = cn.itzt.ControlFactory;
				PRODUCT_NAME = "$(TARGET_NAME)";
				TARGETED_DEVICE_FAMILY = "1,2";
			};
			name = Release;
		};
/* End XCBuildConfiguration section */

/* Begin XCConfigurationList section */
		49B899F32074D933006F3A1A /* Build configuration list for PBXProject "ControlFactory" */ = {
			isa = XCConfigurationList;
			buildConfigurations = (
				49B89A0C2074D934006F3A1A /* Debug */,
				49B89A0D2074D934006F3A1A /* Release */,
			);
			defaultConfigurationIsVisible = 0;
			defaultConfigurationName = Release;
		};
		49B89A0E2074D934006F3A1A /* Build configuration list for PBXNativeTarget "ControlFactory" */ = {
			isa = XCConfigurationList;
			buildConfigurations = (
				49B89A0F2074D934006F3A1A /* Debug */,
				49B89A102074D934006F3A1A /* Release */,
			);
			defaultConfigurationIsVisible = 0;
			defaultConfigurationName = Release;
		};
/* End XCConfigurationList section */
	};
	rootObject = 49B899F02074D933006F3A1A /* Project object */;
}
